
Microsoft Visual Studio Solution File, Format Version 12.00
# Visual Studio Version 16
VisualStudioVersion = 16.0.31911.196
MinimumVisualStudioVersion = 10.0.40219.1
Project("{FAE04EC0-301F-11D3-BF4B-00C04F79EFBC}") = "DoAnChuyenNganh", "DoAnChuyenNganh\DoAnChuyenNganh.csproj", "{E92E4249-E091-4D44-AF75-DF65DD9B9175}"
EndProject
Global
	GlobalSection(SolutionConfigurationPlatforms) = preSolution
		Debug|Any CPU = Debug|Any CPU
		Release|Any CPU = Release|Any CPU
	EndGlobalSection
	GlobalSection(ProjectConfigurationPlatforms) = postSolution
		{E92E4249-E091-4D44-AF75-DF65DD9B9175}.Debug|Any CPU.ActiveCfg = Debug|Any CPU
		{E92E4249-E091-4D44-AF75-DF65DD9B9175}.Debug|Any CPU.Build.0 = Debug|Any CPU
		{E92E4249-E091-4D44-AF75-DF65DD9B9175}.Release|Any CPU.ActiveCfg = Release|Any CPU
		{E92E4249-E091-4D44-AF75-DF65DD9B9175}.Release|Any CPU.Build.0 = Release|Any CPU
	EndGlobalSection
	GlobalSection(SolutionProperties) = preSolution
		HideSolutionNode = FALSE
	EndGlobalSection
	GlobalSection(ExtensibilityGlobals) = postSolution
		SolutionGuid = {D04695BF-1C94-4529-AE97-56DB3D489D89}
	EndGlobalSection
EndGlobal
